// !$*UTF8*$!
{
	archiveVersion = 1;
	classes = {
	};
	objectVersion = 56;
	objects = {

/* Begin PBXBuildFile section */
		116F3A8B29ED82700013B9FF /* Indices.swift in Sources */ = {isa = PBXBuildFile; fileRef = 116F3A8A29ED82700013B9FF /* Indices.swift */; };
		11835A8C29AD4FFC003D764C /* Preview Assets.xcassets in Resources */ = {isa = PBXBuildFile; fileRef = 11835A8B29AD4FFC003D764C /* Preview Assets.xcassets */; };
		11835A9329AD59C8003D764C /* ObjectDetectionView.swift in Sources */ = {isa = PBXBuildFile; fileRef = 11835A9229AD59C8003D764C /* ObjectDetectionView.swift */; };
		11835A9529AD5A08003D764C /* Presenter.swift in Sources */ = {isa = PBXBuildFile; fileRef = 11835A9429AD5A08003D764C /* Presenter.swift */; };
		11835A9729AD6760003D764C /* DeviceManager.swift in Sources */ = {isa = PBXBuildFile; fileRef = 11835A9629AD6760003D764C /* DeviceManager.swift */; };
		11835A9B29AD679E003D764C /* MetalKit.framework in Frameworks */ = {isa = PBXBuildFile; fileRef = 11835A9A29AD679E003D764C /* MetalKit.framework */; };
		11835A9D29AD67A2003D764C /* MetalPerformanceShaders.framework in Frameworks */ = {isa = PBXBuildFile; fileRef = 11835A9C29AD67A2003D764C /* MetalPerformanceShaders.framework */; };
		11835A9F29AD685E003D764C /* ObjectDetector.swift in Sources */ = {isa = PBXBuildFile; fileRef = 11835A9E29AD685E003D764C /* ObjectDetector.swift */; };
		11835AA229AD6927003D764C /* Rendering.metal in Sources */ = {isa = PBXBuildFile; fileRef = 11835AA129AD6927003D764C /* Rendering.metal */; };
		11835AA529AD695B003D764C /* YOLO.metal in Sources */ = {isa = PBXBuildFile; fileRef = 11835AA429AD695A003D764C /* YOLO.metal */; };
		11835AAC29AD6B00003D764C /* MTLPipelineState.swift in Sources */ = {isa = PBXBuildFile; fileRef = 11835AAB29AD6B00003D764C /* MTLPipelineState.swift */; };
		11835AB029AD6BF3003D764C /* MTLComputePipelineState.swift in Sources */ = {isa = PBXBuildFile; fileRef = 11835AAF29AD6BF3003D764C /* MTLComputePipelineState.swift */; };
		11835AB229AD6F9C003D764C /* MTLCVTexture.swift in Sources */ = {isa = PBXBuildFile; fileRef = 11835AB129AD6F9C003D764C /* MTLCVTexture.swift */; };
		11835AB429AD6FE8003D764C /* CVPixelBuffer.swift in Sources */ = {isa = PBXBuildFile; fileRef = 11835AB329AD6FE8003D764C /* CVPixelBuffer.swift */; };
		11835AB629AD7011003D764C /* CVMetalTexture.swift in Sources */ = {isa = PBXBuildFile; fileRef = 11835AB529AD7011003D764C /* CVMetalTexture.swift */; };
		11835AB829AD72C6003D764C /* CVPixelBufferPool.swift in Sources */ = {isa = PBXBuildFile; fileRef = 11835AB729AD72C6003D764C /* CVPixelBufferPool.swift */; };
		11835ABA29AD7655003D764C /* CVMetalTextureCache.swift in Sources */ = {isa = PBXBuildFile; fileRef = 11835AB929AD7655003D764C /* CVMetalTextureCache.swift */; };
		11835ABD29AD77E1003D764C /* YOLOv8n.mlmodel in Sources */ = {isa = PBXBuildFile; fileRef = 11835ABC29AD77E1003D764C /* YOLOv8n.mlmodel */; };
		11835ABF29AD77E8003D764C /* YOLOv8nseg.mlmodel in Sources */ = {isa = PBXBuildFile; fileRef = 11835ABE29AD77E8003D764C /* YOLOv8nseg.mlmodel */; };
		11835AC129AD7843003D764C /* ObjectDetectionModel.swift in Sources */ = {isa = PBXBuildFile; fileRef = 11835AC029AD7843003D764C /* ObjectDetectionModel.swift */; };
		11835AC329AD8F51003D764C /* Benchmark.swift in Sources */ = {isa = PBXBuildFile; fileRef = 11835AC229AD8F51003D764C /* Benchmark.swift */; };
		1191898929BA441A002ECF17 /* YOLOv8sseg.mlmodel in Sources */ = {isa = PBXBuildFile; fileRef = 1191898829BA441A002ECF17 /* YOLOv8sseg.mlmodel */; };
		11B7AF9E29EEB4FA0040630B /* YOLOv8s.mlmodel in Sources */ = {isa = PBXBuildFile; fileRef = 11B7AF9D29EEB4F90040630B /* YOLOv8s.mlmodel */; };
		11D5090E29AD4AE500AA8804 /* YOLOv8App.swift in Sources */ = {isa = PBXBuildFile; fileRef = 11D5090D29AD4AE500AA8804 /* YOLOv8App.swift */; };
		11D5091029AD4AE500AA8804 /* MainView.swift in Sources */ = {isa = PBXBuildFile; fileRef = 11D5090F29AD4AE500AA8804 /* MainView.swift */; };
		11D5091229AD4AE600AA8804 /* Assets.xcassets in Resources */ = {isa = PBXBuildFile; fileRef = 11D5091129AD4AE600AA8804 /* Assets.xcassets */; };
		11D5091F29AD4F1300AA8804 /* CameraController.swift in Sources */ = {isa = PBXBuildFile; fileRef = 11D5091E29AD4F1300AA8804 /* CameraController.swift */; };
		11DBDA0629B9E1D90011844A /* Settings.swift in Sources */ = {isa = PBXBuildFile; fileRef = 11DBDA0529B9E1D90011844A /* Settings.swift */; };
		11DBDA0829B9F24C0011844A /* BBox.swift in Sources */ = {isa = PBXBuildFile; fileRef = 11DBDA0729B9F24C0011844A /* BBox.swift */; };
		11F76ED129B2A0DB00BDE32D /* MTLImageScaler.swift in Sources */ = {isa = PBXBuildFile; fileRef = 11F76ED029B2A0DB00BDE32D /* MTLImageScaler.swift */; };
		11F76ED429B673EF00BDE32D /* Renderer.swift in Sources */ = {isa = PBXBuildFile; fileRef = 11F76ED329B673EF00BDE32D /* Renderer.swift */; };
		11F76ED629B6743B00BDE32D /* CGSize.swift in Sources */ = {isa = PBXBuildFile; fileRef = 11F76ED529B6743B00BDE32D /* CGSize.swift */; };
		11F76ED829B6753C00BDE32D /* TransformMatrix.swift in Sources */ = {isa = PBXBuildFile; fileRef = 11F76ED729B6753C00BDE32D /* TransformMatrix.swift */; };
		11F76EDA29B675B400BDE32D /* PreviewView.swift in Sources */ = {isa = PBXBuildFile; fileRef = 11F76ED929B675B400BDE32D /* PreviewView.swift */; };
		11F76EDC29B678F100BDE32D /* Frame.swift in Sources */ = {isa = PBXBuildFile; fileRef = 11F76EDB29B678F100BDE32D /* Frame.swift */; };
/* End PBXBuildFile section */

/* Begin PBXFileReference section */
		116F3A8A29ED82700013B9FF /* Indices.swift */ = {isa = PBXFileReference; lastKnownFileType = sourcecode.swift; path = Indices.swift; sourceTree = "<group>"; };
		11835A8B29AD4FFC003D764C /* Preview Assets.xcassets */ = {isa = PBXFileReference; lastKnownFileType = folder.assetcatalog; path = "Preview Assets.xcassets"; sourceTree = "<group>"; };
		11835A8F29AD51C8003D764C /* BridgingHeader.h */ = {isa = PBXFileReference; lastKnownFileType = sourcecode.c.h; path = BridgingHeader.h; sourceTree = "<group>"; };
		11835A9229AD59C8003D764C /* ObjectDetectionView.swift */ = {isa = PBXFileReference; indentWidth = 2; lastKnownFileType = sourcecode.swift; path = ObjectDetectionView.swift; sourceTree = "<group>"; tabWidth = 2; };
		11835A9429AD5A08003D764C /* Presenter.swift */ = {isa = PBXFileReference; lastKnownFileType = sourcecode.swift; path = Presenter.swift; sourceTree = "<group>"; };
		11835A9629AD6760003D764C /* DeviceManager.swift */ = {isa = PBXFileReference; lastKnownFileType = sourcecode.swift; path = DeviceManager.swift; sourceTree = "<group>"; };
		11835A9829AD6796003D764C /* Info.plist */ = {isa = PBXFileReference; lastKnownFileType = text.plist.xml; path = Info.plist; sourceTree = "<group>"; };
		11835A9A29AD679E003D764C /* MetalKit.framework */ = {isa = PBXFileReference; lastKnownFileType = wrapper.framework; name = MetalKit.framework; path = System/Library/Frameworks/MetalKit.framework; sourceTree = SDKROOT; };
		11835A9C29AD67A2003D764C /* MetalPerformanceShaders.framework */ = {isa = PBXFileReference; lastKnownFileType = wrapper.framework; name = MetalPerformanceShaders.framework; path = System/Library/Frameworks/MetalPerformanceShaders.framework; sourceTree = SDKROOT; };
		11835A9E29AD685E003D764C /* ObjectDetector.swift */ = {isa = PBXFileReference; lastKnownFileType = sourcecode.swift; path = ObjectDetector.swift; sourceTree = "<group>"; };
		11835AA029AD68D4003D764C /* Common.h */ = {isa = PBXFileReference; lastKnownFileType = sourcecode.c.h; path = Common.h; sourceTree = "<group>"; };
		11835AA129AD6927003D764C /* Rendering.metal */ = {isa = PBXFileReference; lastKnownFileType = sourcecode.metal; path = Rendering.metal; sourceTree = "<group>"; };
		11835AA329AD6954003D764C /* YOLO.h */ = {isa = PBXFileReference; lastKnownFileType = sourcecode.c.h; path = YOLO.h; sourceTree = "<group>"; };
		11835AA429AD695A003D764C /* YOLO.metal */ = {isa = PBXFileReference; lastKnownFileType = sourcecode.metal; path = YOLO.metal; sourceTree = "<group>"; };
		11835AAB29AD6B00003D764C /* MTLPipelineState.swift */ = {isa = PBXFileReference; lastKnownFileType = sourcecode.swift; path = MTLPipelineState.swift; sourceTree = "<group>"; };
		11835AAF29AD6BF3003D764C /* MTLComputePipelineState.swift */ = {isa = PBXFileReference; lastKnownFileType = sourcecode.swift; path = MTLComputePipelineState.swift; sourceTree = "<group>"; };
		11835AB129AD6F9C003D764C /* MTLCVTexture.swift */ = {isa = PBXFileReference; lastKnownFileType = sourcecode.swift; path = MTLCVTexture.swift; sourceTree = "<group>"; };
		11835AB329AD6FE8003D764C /* CVPixelBuffer.swift */ = {isa = PBXFileReference; lastKnownFileType = sourcecode.swift; path = CVPixelBuffer.swift; sourceTree = "<group>"; };
		11835AB529AD7011003D764C /* CVMetalTexture.swift */ = {isa = PBXFileReference; lastKnownFileType = sourcecode.swift; path = CVMetalTexture.swift; sourceTree = "<group>"; };
		11835AB729AD72C6003D764C /* CVPixelBufferPool.swift */ = {isa = PBXFileReference; lastKnownFileType = sourcecode.swift; path = CVPixelBufferPool.swift; sourceTree = "<group>"; };
		11835AB929AD7655003D764C /* CVMetalTextureCache.swift */ = {isa = PBXFileReference; lastKnownFileType = sourcecode.swift; path = CVMetalTextureCache.swift; sourceTree = "<group>"; };
		11835ABC29AD77E1003D764C /* YOLOv8n.mlmodel */ = {isa = PBXFileReference; lastKnownFileType = file.mlmodel; path = YOLOv8n.mlmodel; sourceTree = "<group>"; };
		11835ABE29AD77E8003D764C /* YOLOv8nseg.mlmodel */ = {isa = PBXFileReference; lastKnownFileType = file.mlmodel; path = YOLOv8nseg.mlmodel; sourceTree = "<group>"; };
		11835AC029AD7843003D764C /* ObjectDetectionModel.swift */ = {isa = PBXFileReference; lastKnownFileType = sourcecode.swift; path = ObjectDetectionModel.swift; sourceTree = "<group>"; };
		11835AC229AD8F51003D764C /* Benchmark.swift */ = {isa = PBXFileReference; lastKnownFileType = sourcecode.swift; path = Benchmark.swift; sourceTree = "<group>"; };
		1191898829BA441A002ECF17 /* YOLOv8sseg.mlmodel */ = {isa = PBXFileReference; lastKnownFileType = file.mlmodel; path = YOLOv8sseg.mlmodel; sourceTree = "<group>"; };
		11B7AF9D29EEB4F90040630B /* YOLOv8s.mlmodel */ = {isa = PBXFileReference; lastKnownFileType = file.mlmodel; path = YOLOv8s.mlmodel; sourceTree = "<group>"; };
		11D5090A29AD4AE500AA8804 /* YOLOv8.app */ = {isa = PBXFileReference; explicitFileType = wrapper.application; includeInIndex = 0; path = YOLOv8.app; sourceTree = BUILT_PRODUCTS_DIR; };
		11D5090D29AD4AE500AA8804 /* YOLOv8App.swift */ = {isa = PBXFileReference; lastKnownFileType = sourcecode.swift; path = YOLOv8App.swift; sourceTree = "<group>"; };
		11D5090F29AD4AE500AA8804 /* MainView.swift */ = {isa = PBXFileReference; lastKnownFileType = sourcecode.swift; path = MainView.swift; sourceTree = "<group>"; };
		11D5091129AD4AE600AA8804 /* Assets.xcassets */ = {isa = PBXFileReference; lastKnownFileType = folder.assetcatalog; path = Assets.xcassets; sourceTree = "<group>"; };
		11D5091E29AD4F1300AA8804 /* CameraController.swift */ = {isa = PBXFileReference; lastKnownFileType = sourcecode.swift; path = CameraController.swift; sourceTree = "<group>"; };
		11DBDA0529B9E1D90011844A /* Settings.swift */ = {isa = PBXFileReference; lastKnownFileType = sourcecode.swift; path = Settings.swift; sourceTree = "<group>"; };
		11DBDA0729B9F24C0011844A /* BBox.swift */ = {isa = PBXFileReference; lastKnownFileType = sourcecode.swift; path = BBox.swift; sourceTree = "<group>"; };
		11F76ED029B2A0DB00BDE32D /* MTLImageScaler.swift */ = {isa = PBXFileReference; lastKnownFileType = sourcecode.swift; path = MTLImageScaler.swift; sourceTree = "<group>"; };
		11F76ED329B673EF00BDE32D /* Renderer.swift */ = {isa = PBXFileReference; lastKnownFileType = sourcecode.swift; path = Renderer.swift; sourceTree = "<group>"; };
		11F76ED529B6743B00BDE32D /* CGSize.swift */ = {isa = PBXFileReference; lastKnownFileType = sourcecode.swift; path = CGSize.swift; sourceTree = "<group>"; };
		11F76ED729B6753C00BDE32D /* TransformMatrix.swift */ = {isa = PBXFileReference; lastKnownFileType = sourcecode.swift; path = TransformMatrix.swift; sourceTree = "<group>"; };
		11F76ED929B675B400BDE32D /* PreviewView.swift */ = {isa = PBXFileReference; lastKnownFileType = sourcecode.swift; path = PreviewView.swift; sourceTree = "<group>"; };
		11F76EDB29B678F100BDE32D /* Frame.swift */ = {isa = PBXFileReference; lastKnownFileType = sourcecode.swift; path = Frame.swift; sourceTree = "<group>"; };
/* End PBXFileReference section */

/* Begin PBXFrameworksBuildPhase section */
		11D5090729AD4AE500AA8804 /* Frameworks */ = {
			isa = PBXFrameworksBuildPhase;
			buildActionMask = 2147483647;
			files = (
				11835A9D29AD67A2003D764C /* MetalPerformanceShaders.framework in Frameworks */,
				11835A9B29AD679E003D764C /* MetalKit.framework in Frameworks */,
			);
			runOnlyForDeploymentPostprocessing = 0;
		};
/* End PBXFrameworksBuildPhase section */

/* Begin PBXGroup section */
		11835A8A29AD4FFC003D764C /* Preview Content */ = {
			isa = PBXGroup;
			children = (
				11835A8B29AD4FFC003D764C /* Preview Assets.xcassets */,
			);
			path = "Preview Content";
			sourceTree = "<group>";
		};
		11835A8D29AD516A003D764C /* Utils */ = {
			isa = PBXGroup;
			children = (
				11835AAE29AD6BD1003D764C /* Eextensions */,
				11835A9629AD6760003D764C /* DeviceManager.swift */,
				11835AB129AD6F9C003D764C /* MTLCVTexture.swift */,
				11835AAB29AD6B00003D764C /* MTLPipelineState.swift */,
				11F76ED729B6753C00BDE32D /* TransformMatrix.swift */,
				11835AC229AD8F51003D764C /* Benchmark.swift */,
				116F3A8A29ED82700013B9FF /* Indices.swift */,
			);
			path = Utils;
			sourceTree = "<group>";
		};
		11835A8E29AD51AF003D764C /* Shaders */ = {
			isa = PBXGroup;
			children = (
				11835AA029AD68D4003D764C /* Common.h */,
				11835AA129AD6927003D764C /* Rendering.metal */,
				11835AA329AD6954003D764C /* YOLO.h */,
				11835AA429AD695A003D764C /* YOLO.metal */,
			);
			path = Shaders;
			sourceTree = "<group>";
		};
		11835A9029AD5929003D764C /* Core */ = {
			isa = PBXGroup;
			children = (
				11D5091E29AD4F1300AA8804 /* CameraController.swift */,
				11835A9E29AD685E003D764C /* ObjectDetector.swift */,
				11DBDA0529B9E1D90011844A /* Settings.swift */,
				11835AA829AD6ABA003D764C /* Processing */,
				11835AAD29AD6B6A003D764C /* Models */,
			);
			path = Core;
			sourceTree = "<group>";
		};
		11835A9129AD5954003D764C /* UI */ = {
			isa = PBXGroup;
			children = (
				11D5090F29AD4AE500AA8804 /* MainView.swift */,
				11835A9229AD59C8003D764C /* ObjectDetectionView.swift */,
				11F76ED929B675B400BDE32D /* PreviewView.swift */,
				11835A9429AD5A08003D764C /* Presenter.swift */,
				11F76EDB29B678F100BDE32D /* Frame.swift */,
				11F76ED329B673EF00BDE32D /* Renderer.swift */,
			);
			path = UI;
			sourceTree = "<group>";
		};
		11835A9929AD679E003D764C /* Frameworks */ = {
			isa = PBXGroup;
			children = (
				11835A9C29AD67A2003D764C /* MetalPerformanceShaders.framework */,
				11835A9A29AD679E003D764C /* MetalKit.framework */,
			);
			name = Frameworks;
			sourceTree = "<group>";
		};
		11835AA829AD6ABA003D764C /* Processing */ = {
			isa = PBXGroup;
			children = (
				11F76ED029B2A0DB00BDE32D /* MTLImageScaler.swift */,
			);
			path = Processing;
			sourceTree = "<group>";
		};
		11835AAD29AD6B6A003D764C /* Models */ = {
			isa = PBXGroup;
			children = (
				11835AC029AD7843003D764C /* ObjectDetectionModel.swift */,
			);
			path = Models;
			sourceTree = "<group>";
		};
		11835AAE29AD6BD1003D764C /* Eextensions */ = {
			isa = PBXGroup;
			children = (
				11835AAF29AD6BF3003D764C /* MTLComputePipelineState.swift */,
				11835AB329AD6FE8003D764C /* CVPixelBuffer.swift */,
				11835AB529AD7011003D764C /* CVMetalTexture.swift */,
				11835AB729AD72C6003D764C /* CVPixelBufferPool.swift */,
				11835AB929AD7655003D764C /* CVMetalTextureCache.swift */,
				11F76ED529B6743B00BDE32D /* CGSize.swift */,
				11DBDA0729B9F24C0011844A /* BBox.swift */,
			);
			path = Eextensions;
			sourceTree = "<group>";
		};
		11835ABB29AD77D7003D764C /* Models */ = {
			isa = PBXGroup;
			children = (
				11835ABC29AD77E1003D764C /* YOLOv8n.mlmodel */,
				11835ABE29AD77E8003D764C /* YOLOv8nseg.mlmodel */,
				11B7AF9D29EEB4F90040630B /* YOLOv8s.mlmodel */,
				1191898829BA441A002ECF17 /* YOLOv8sseg.mlmodel */,
			);
			path = Models;
			sourceTree = "<group>";
		};
		11D5090129AD4AE500AA8804 = {
			isa = PBXGroup;
			children = (
				11D5090C29AD4AE500AA8804 /* YOLOv8 */,
				11D5090B29AD4AE500AA8804 /* Products */,
				11835A9929AD679E003D764C /* Frameworks */,
			);
			sourceTree = "<group>";
		};
		11D5090B29AD4AE500AA8804 /* Products */ = {
			isa = PBXGroup;
			children = (
				11D5090A29AD4AE500AA8804 /* YOLOv8.app */,
			);
			name = Products;
			sourceTree = "<group>";
		};
		11D5090C29AD4AE500AA8804 /* YOLOv8 */ = {
			isa = PBXGroup;
			children = (
				11D5091B29AD4D4200AA8804 /* Sources */,
				11D5092029AD4F4F00AA8804 /* Resources */,
			);
			path = YOLOv8;
			sourceTree = "<group>";
		};
		11D5091B29AD4D4200AA8804 /* Sources */ = {
			isa = PBXGroup;
			children = (
				11835A8F29AD51C8003D764C /* BridgingHeader.h */,
				11D5090D29AD4AE500AA8804 /* YOLOv8App.swift */,
				11835A9129AD5954003D764C /* UI */,
				11835A9029AD5929003D764C /* Core */,
				11835A8E29AD51AF003D764C /* Shaders */,
				11835A8D29AD516A003D764C /* Utils */,
			);
			path = Sources;
			sourceTree = "<group>";
		};
		11D5092029AD4F4F00AA8804 /* Resources */ = {
			isa = PBXGroup;
			children = (
				11835A9829AD6796003D764C /* Info.plist */,
				11835ABB29AD77D7003D764C /* Models */,
				11D5091129AD4AE600AA8804 /* Assets.xcassets */,
				11835A8A29AD4FFC003D764C /* Preview Content */,
			);
			path = Resources;
			sourceTree = "<group>";
		};
/* End PBXGroup section */

/* Begin PBXNativeTarget section */
		11D5090929AD4AE500AA8804 /* YOLOv8 */ = {
			isa = PBXNativeTarget;
			buildConfigurationList = 11D5091829AD4AE600AA8804 /* Build configuration list for PBXNativeTarget "YOLOv8" */;
			buildPhases = (
				11D5090629AD4AE500AA8804 /* Sources */,
				11D5090729AD4AE500AA8804 /* Frameworks */,
				11D5090829AD4AE500AA8804 /* Resources */,
			);
			buildRules = (
			);
			dependencies = (
			);
			name = YOLOv8;
			productName = YOLOv8;
			productReference = 11D5090A29AD4AE500AA8804 /* YOLOv8.app */;
			productType = "com.apple.product-type.application";
		};
/* End PBXNativeTarget section */

/* Begin PBXProject section */
		11D5090229AD4AE500AA8804 /* Project object */ = {
			isa = PBXProject;
			attributes = {
				BuildIndependentTargetsInParallel = 1;
				LastSwiftUpdateCheck = 1420;
				LastUpgradeCheck = 1420;
				TargetAttributes = {
					11D5090929AD4AE500AA8804 = {
						CreatedOnToolsVersion = 14.2;
					};
				};
			};
			buildConfigurationList = 11D5090529AD4AE500AA8804 /* Build configuration list for PBXProject "YOLOv8" */;
			compatibilityVersion = "Xcode 14.0";
			developmentRegion = en;
			hasScannedForEncodings = 0;
			knownRegions = (
				en,
				Base,
			);
			mainGroup = 11D5090129AD4AE500AA8804;
			productRefGroup = 11D5090B29AD4AE500AA8804 /* Products */;
			projectDirPath = "";
			projectRoot = "";
			targets = (
				11D5090929AD4AE500AA8804 /* YOLOv8 */,
			);
		};
/* End PBXProject section */

/* Begin PBXResourcesBuildPhase section */
		11D5090829AD4AE500AA8804 /* Resources */ = {
			isa = PBXResourcesBuildPhase;
			buildActionMask = 2147483647;
			files = (
				11835A8C29AD4FFC003D764C /* Preview Assets.xcassets in Resources */,
				11D5091229AD4AE600AA8804 /* Assets.xcassets in Resources */,
			);
			runOnlyForDeploymentPostprocessing = 0;
		};
/* End PBXResourcesBuildPhase section */

/* Begin PBXSourcesBuildPhase section */
		11D5090629AD4AE500AA8804 /* Sources */ = {
			isa = PBXSourcesBuildPhase;
			buildActionMask = 2147483647;
			files = (
				11835AA529AD695B003D764C /* YOLO.metal in Sources */,
				11D5091029AD4AE500AA8804 /* MainView.swift in Sources */,
				11F76EDC29B678F100BDE32D /* Frame.swift in Sources */,
				11835A9729AD6760003D764C /* DeviceManager.swift in Sources */,
				11835A9F29AD685E003D764C /* ObjectDetector.swift in Sources */,
				11835A9329AD59C8003D764C /* ObjectDetectionView.swift in Sources */,
				11835AB029AD6BF3003D764C /* MTLComputePipelineState.swift in Sources */,
				116F3A8B29ED82700013B9FF /* Indices.swift in Sources */,
				11835ABF29AD77E8003D764C /* YOLOv8nseg.mlmodel in Sources */,
				11B7AF9E29EEB4FA0040630B /* YOLOv8s.mlmodel in Sources */,
				11DBDA0829B9F24C0011844A /* BBox.swift in Sources */,
				11F76EDA29B675B400BDE32D /* PreviewView.swift in Sources */,
				11835A9529AD5A08003D764C /* Presenter.swift in Sources */,
				11835ABA29AD7655003D764C /* CVMetalTextureCache.swift in Sources */,
				11835AC329AD8F51003D764C /* Benchmark.swift in Sources */,
				11D5091F29AD4F1300AA8804 /* CameraController.swift in Sources */,
				11835AB429AD6FE8003D764C /* CVPixelBuffer.swift in Sources */,
				11F76ED629B6743B00BDE32D /* CGSize.swift in Sources */,
				11835AB229AD6F9C003D764C /* MTLCVTexture.swift in Sources */,
				11F76ED829B6753C00BDE32D /* TransformMatrix.swift in Sources */,
				11835AB629AD7011003D764C /* CVMetalTexture.swift in Sources */,
				11835AB829AD72C6003D764C /* CVPixelBufferPool.swift in Sources */,
				11F76ED129B2A0DB00BDE32D /* MTLImageScaler.swift in Sources */,
				11F76ED429B673EF00BDE32D /* Renderer.swift in Sources */,
				11835ABD29AD77E1003D764C /* YOLOv8n.mlmodel in Sources */,
				11835AAC29AD6B00003D764C /* MTLPipelineState.swift in Sources */,
				11835AA229AD6927003D764C /* Rendering.metal in Sources */,
				11DBDA0629B9E1D90011844A /* Settings.swift in Sources */,
				1191898929BA441A002ECF17 /* YOLOv8sseg.mlmodel in Sources */,
				11835AC129AD7843003D764C /* ObjectDetectionModel.swift in Sources */,
				11D5090E29AD4AE500AA8804 /* YOLOv8App.swift in Sources */,
			);
			runOnlyForDeploymentPostprocessing = 0;
		};
/* End PBXSourcesBuildPhase section */

/* Begin XCBuildConfiguration section */
		11D5091629AD4AE600AA8804 /* Debug */ = {
			isa = XCBuildConfiguration;
			buildSettings = {
				ALWAYS_SEARCH_USER_PATHS = NO;
				CLANG_ANALYZER_NONNULL = YES;
				CLANG_ANALYZER_NUMBER_OBJECT_CONVERSION = YES_AGGRESSIVE;
				CLANG_CXX_LANGUAGE_STANDARD = "gnu++20";
				CLANG_ENABLE_MODULES = YES;
				CLANG_ENABLE_OBJC_ARC = YES;
				CLANG_ENABLE_OBJC_WEAK = YES;
				CLANG_WARN_BLOCK_CAPTURE_AUTORELEASING = YES;
				CLANG_WARN_BOOL_CONVERSION = YES;
				CLANG_WARN_COMMA = YES;
				CLANG_WARN_CONSTANT_CONVERSION = YES;
				CLANG_WARN_DEPRECATED_OBJC_IMPLEMENTATIONS = YES;
				CLANG_WARN_DIRECT_OBJC_ISA_USAGE = YES_ERROR;
				CLANG_WARN_DOCUMENTATION_COMMENTS = YES;
				CLANG_WARN_EMPTY_BODY = YES;
				CLANG_WARN_ENUM_CONVERSION = YES;
				CLANG_WARN_INFINITE_RECURSION = YES;
				CLANG_WARN_INT_CONVERSION = YES;
				CLANG_WARN_NON_LITERAL_NULL_CONVERSION = YES;
				CLANG_WARN_OBJC_IMPLICIT_RETAIN_SELF = YES;
				CLANG_WARN_OBJC_LITERAL_CONVERSION = YES;
				CLANG_WARN_OBJC_ROOT_CLASS = YES_ERROR;
				CLANG_WARN_QUOTED_INCLUDE_IN_FRAMEWORK_HEADER = YES;
				CLANG_WARN_RANGE_LOOP_ANALYSIS = YES;
				CLANG_WARN_STRICT_PROTOTYPES = YES;
				CLANG_WARN_SUSPICIOUS_MOVE = YES;
				CLANG_WARN_UNGUARDED_AVAILABILITY = YES_AGGRESSIVE;
				CLANG_WARN_UNREACHABLE_CODE = YES;
				CLANG_WARN__DUPLICATE_METHOD_MATCH = YES;
				COPY_PHASE_STRIP = NO;
				DEBUG_INFORMATION_FORMAT = dwarf;
				ENABLE_STRICT_OBJC_MSGSEND = YES;
				ENABLE_TESTABILITY = YES;
				GCC_C_LANGUAGE_STANDARD = gnu11;
				GCC_DYNAMIC_NO_PIC = NO;
				GCC_NO_COMMON_BLOCKS = YES;
				GCC_OPTIMIZATION_LEVEL = 0;
				GCC_PREPROCESSOR_DEFINITIONS = (
					"DEBUG=1",
					"$(inherited)",
				);
				GCC_WARN_64_TO_32_BIT_CONVERSION = YES;
				GCC_WARN_ABOUT_RETURN_TYPE = YES_ERROR;
				GCC_WARN_UNDECLARED_SELECTOR = YES;
				GCC_WARN_UNINITIALIZED_AUTOS = YES_AGGRESSIVE;
				GCC_WARN_UNUSED_FUNCTION = YES;
				GCC_WARN_UNUSED_VARIABLE = YES;
				IPHONEOS_DEPLOYMENT_TARGET = 16.0;
				MTL_ENABLE_DEBUG_INFO = INCLUDE_SOURCE;
				MTL_FAST_MATH = YES;
				ONLY_ACTIVE_ARCH = YES;
				SDKROOT = iphoneos;
				SWIFT_ACTIVE_COMPILATION_CONDITIONS = DEBUG;
				SWIFT_OPTIMIZATION_LEVEL = "-Onone";
			};
			name = Debug;
		};
		11D5091729AD4AE600AA8804 /* Release */ = {
			isa = XCBuildConfiguration;
			buildSettings = {
				ALWAYS_SEARCH_USER_PATHS = NO;
				CLANG_ANALYZER_NONNULL = YES;
				CLANG_ANALYZER_NUMBER_OBJECT_CONVERSION = YES_AGGRESSIVE;
				CLANG_CXX_LANGUAGE_STANDARD = "gnu++20";
				CLANG_ENABLE_MODULES = YES;
				CLANG_ENABLE_OBJC_ARC = YES;
				CLANG_ENABLE_OBJC_WEAK = YES;
				CLANG_WARN_BLOCK_CAPTURE_AUTORELEASING = YES;
				CLANG_WARN_BOOL_CONVERSION = YES;
				CLANG_WARN_COMMA = YES;
				CLANG_WARN_CONSTANT_CONVERSION = YES;
				CLANG_WARN_DEPRECATED_OBJC_IMPLEMENTATIONS = YES;
				CLANG_WARN_DIRECT_OBJC_ISA_USAGE = YES_ERROR;
				CLANG_WARN_DOCUMENTATION_COMMENTS = YES;
				CLANG_WARN_EMPTY_BODY = YES;
				CLANG_WARN_ENUM_CONVERSION = YES;
				CLANG_WARN_INFINITE_RECURSION = YES;
				CLANG_WARN_INT_CONVERSION = YES;
				CLANG_WARN_NON_LITERAL_NULL_CONVERSION = YES;
				CLANG_WARN_OBJC_IMPLICIT_RETAIN_SELF = YES;
				CLANG_WARN_OBJC_LITERAL_CONVERSION = YES;
				CLANG_WARN_OBJC_ROOT_CLASS = YES_ERROR;
				CLANG_WARN_QUOTED_INCLUDE_IN_FRAMEWORK_HEADER = YES;
				CLANG_WARN_RANGE_LOOP_ANALYSIS = YES;
				CLANG_WARN_STRICT_PROTOTYPES = YES;
				CLANG_WARN_SUSPICIOUS_MOVE = YES;
				CLANG_WARN_UNGUARDED_AVAILABILITY = YES_AGGRESSIVE;
				CLANG_WARN_UNREACHABLE_CODE = YES;
				CLANG_WARN__DUPLICATE_METHOD_MATCH = YES;
				COPY_PHASE_STRIP = NO;
				DEBUG_INFORMATION_FORMAT = "dwarf-with-dsym";
				ENABLE_NS_ASSERTIONS = NO;
				ENABLE_STRICT_OBJC_MSGSEND = YES;
				GCC_C_LANGUAGE_STANDARD = gnu11;
				GCC_NO_COMMON_BLOCKS = YES;
				GCC_WARN_64_TO_32_BIT_CONVERSION = YES;
				GCC_WARN_ABOUT_RETURN_TYPE = YES_ERROR;
				GCC_WARN_UNDECLARED_SELECTOR = YES;
				GCC_WARN_UNINITIALIZED_AUTOS = YES_AGGRESSIVE;
				GCC_WARN_UNUSED_FUNCTION = YES;
				GCC_WARN_UNUSED_VARIABLE = YES;
				IPHONEOS_DEPLOYMENT_TARGET = 16.0;
				MTL_ENABLE_DEBUG_INFO = NO;
				MTL_FAST_MATH = YES;
				SDKROOT = iphoneos;
				SWIFT_COMPILATION_MODE = wholemodule;
				SWIFT_OPTIMIZATION_LEVEL = "-O";
				VALIDATE_PRODUCT = YES;
			};
			name = Release;
		};
		11D5091929AD4AE600AA8804 /* Debug */ = {
			isa = XCBuildConfiguration;
			buildSettings = {
				ASSETCATALOG_COMPILER_APPICON_NAME = AppIcon;
				ASSETCATALOG_COMPILER_GLOBAL_ACCENT_COLOR_NAME = AccentColor;
				CODE_SIGN_STYLE = Automatic;
				CURRENT_PROJECT_VERSION = 1;
				DEVELOPMENT_ASSET_PATHS = "\"YOLOv8/Resources/Preview Content\"";
				DEVELOPMENT_TEAM = KTK2682S7D;
				ENABLE_PREVIEWS = YES;
				GENERATE_INFOPLIST_FILE = YES;
				INFOPLIST_FILE = YOLOv8/Resources/Info.plist;
				INFOPLIST_KEY_NSCameraUsageDescription = "Object detection";
				INFOPLIST_KEY_UIApplicationSceneManifest_Generation = YES;
				INFOPLIST_KEY_UIApplicationSupportsIndirectInputEvents = YES;
				INFOPLIST_KEY_UILaunchScreen_Generation = YES;
				INFOPLIST_KEY_UIRequiresFullScreen = YES;
				INFOPLIST_KEY_UIStatusBarStyle = UIStatusBarStyleLightContent;
				INFOPLIST_KEY_UISupportedInterfaceOrientations = UIInterfaceOrientationPortrait;
				LD_RUNPATH_SEARCH_PATHS = (
					"$(inherited)",
					"@executable_path/Frameworks",
				);
				MARKETING_VERSION = 1.0;
				PRODUCT_BUNDLE_IDENTIFIER = com.moonl1ght.YOLOv8;
				PRODUCT_NAME = "$(TARGET_NAME)";
				SUPPORTED_PLATFORMS = "iphoneos iphonesimulator";
				SUPPORTS_MACCATALYST = NO;
				SUPPORTS_MAC_DESIGNED_FOR_IPHONE_IPAD = NO;
				SWIFT_EMIT_LOC_STRINGS = YES;
				SWIFT_OBJC_BRIDGING_HEADER = YOLOv8/Sources/BridgingHeader.h;
				SWIFT_VERSION = 5.0;
				TARGETED_DEVICE_FAMILY = "1,2";
			};
			name = Debug;
		};
		11D5091A29AD4AE600AA8804 /* Release */ = {
			isa = XCBuildConfiguration;
			buildSettings = {
				ASSETCATALOG_COMPILER_APPICON_NAME = AppIcon;
				ASSETCATALOG_COMPILER_GLOBAL_ACCENT_COLOR_NAME = AccentColor;
				CODE_SIGN_STYLE = Automatic;
				CURRENT_PROJECT_VERSION = 1;
				DEVELOPMENT_ASSET_PATHS = "\"YOLOv8/Resources/Preview Content\"";
				DEVELOPMENT_TEAM = KTK2682S7D;
				ENABLE_PREVIEWS = YES;
				GENERATE_INFOPLIST_FILE = YES;
				INFOPLIST_FILE = YOLOv8/Resources/Info.plist;
				INFOPLIST_KEY_NSCameraUsageDescription = "Object detection";
				INFOPLIST_KEY_UIApplicationSceneManifest_Generation = YES;
				INFOPLIST_KEY_UIApplicationSupportsIndirectInputEvents = YES;
				INFOPLIST_KEY_UILaunchScreen_Generation = YES;
				INFOPLIST_KEY_UIRequiresFullScreen = YES;
				INFOPLIST_KEY_UIStatusBarStyle = UIStatusBarStyleLightContent;
				INFOPLIST_KEY_UISupportedInterfaceOrientations = UIInterfaceOrientationPortrait;
				LD_RUNPATH_SEARCH_PATHS = (
					"$(inherited)",
					"@executable_path/Frameworks",
				);
				MARKETING_VERSION = 1.0;
				PRODUCT_BUNDLE_IDENTIFIER = com.moonl1ght.YOLOv8;
				PRODUCT_NAME = "$(TARGET_NAME)";
				SUPPORTED_PLATFORMS = "iphoneos iphonesimulator";
				SUPPORTS_MACCATALYST = NO;
				SUPPORTS_MAC_DESIGNED_FOR_IPHONE_IPAD = NO;
				SWIFT_EMIT_LOC_STRINGS = YES;
				SWIFT_OBJC_BRIDGING_HEADER = YOLOv8/Sources/BridgingHeader.h;
				SWIFT_VERSION = 5.0;
				TARGETED_DEVICE_FAMILY = "1,2";
			};
			name = Release;
		};
/* End XCBuildConfiguration section */

/* Begin XCConfigurationList section */
		11D5090529AD4AE500AA8804 /* Build configuration list for PBXProject "YOLOv8" */ = {
			isa = XCConfigurationList;
			buildConfigurations = (
				11D5091629AD4AE600AA8804 /* Debug */,
				11D5091729AD4AE600AA8804 /* Release */,
			);
			defaultConfigurationIsVisible = 0;
			defaultConfigurationName = Release;
		};
		11D5091829AD4AE600AA8804 /* Build configuration list for PBXNativeTarget "YOLOv8" */ = {
			isa = XCConfigurationList;
			buildConfigurations = (
				11D5091929AD4AE600AA8804 /* Debug */,
				11D5091A29AD4AE600AA8804 /* Release */,
			);
			defaultConfigurationIsVisible = 0;
			defaultConfigurationName = Release;
		};
/* End XCConfigurationList section */
	};
	rootObject = 11D5090229AD4AE500AA8804 /* Project object */;
}
